
Microsoft Visual Studio Solution File, Format Version 12.00
# Visual Studio Version 16
VisualStudioVersion = 16.0.31729.503
MinimumVisualStudioVersion = 10.0.40219.1
Project("{FAE04EC0-301F-11D3-BF4B-00C04F79EFBC}") = "CensusGoods", "CensusGoods\CensusGoods.csproj", "{FF33FB51-C8DB-4EAD-A5AE-59F98E1749E6}"
EndProject
Global
	GlobalSection(SolutionConfigurationPlatforms) = preSolution
		Debug|Any CPU = Debug|Any CPU
		Release|Any CPU = Release|Any CPU
	EndGlobalSection
	GlobalSection(ProjectConfigurationPlatforms) = postSolution
		{FF33FB51-C8DB-4EAD-A5AE-59F98E1749E6}.Debug|Any CPU.ActiveCfg = Debug|Any CPU
		{FF33FB51-C8DB-4EAD-A5AE-59F98E1749E6}.Debug|Any CPU.Build.0 = Debug|Any CPU
		{FF33FB51-C8DB-4EAD-A5AE-59F98E1749E6}.Release|Any CPU.ActiveCfg = Release|Any CPU
		{FF33FB51-C8DB-4EAD-A5AE-59F98E1749E6}.Release|Any CPU.Build.0 = Release|Any CPU
	EndGlobalSection
	GlobalSection(SolutionProperties) = preSolution
		HideSolutionNode = FALSE
	EndGlobalSection
	GlobalSection(ExtensibilityGlobals) = postSolution
		SolutionGuid = {676E8B88-8155-4C91-AD6C-CF5015BD39DA}
	EndGlobalSection
EndGlobal
